
Microsoft Visual Studio Solution File, Format Version 12.00
# Visual Studio Version 17
VisualStudioVersion = 17.9.34728.123
MinimumVisualStudioVersion = 10.0.40219.1
Project("{FAE04EC0-301F-11D3-BF4B-00C04F79EFBC}") = "demobadminton", "demobadminton\demobadminton.csproj", "{97BA5674-EBE7-4FA6-A690-025CD517C3CA}"
EndProject
Global
	GlobalSection(SolutionConfigurationPlatforms) = preSolution
		Debug|Any CPU = Debug|Any CPU
		Release|Any CPU = Release|Any CPU
	EndGlobalSection
	GlobalSection(ProjectConfigurationPlatforms) = postSolution
		{97BA5674-EBE7-4FA6-A690-025CD517C3CA}.Debug|Any CPU.ActiveCfg = Debug|Any CPU
		{97BA5674-EBE7-4FA6-A690-025CD517C3CA}.Debug|Any CPU.Build.0 = Debug|Any CPU
		{97BA5674-EBE7-4FA6-A690-025CD517C3CA}.Release|Any CPU.ActiveCfg = Release|Any CPU
		{97BA5674-EBE7-4FA6-A690-025CD517C3CA}.Release|Any CPU.Build.0 = Release|Any CPU
	EndGlobalSection
	GlobalSection(SolutionProperties) = preSolution
		HideSolutionNode = FALSE
	EndGlobalSection
	GlobalSection(ExtensibilityGlobals) = postSolution
		SolutionGuid = {904A76D9-ACDE-4A16-9944-670FC07D96B7}
	EndGlobalSection
EndGlobal
